
Microsoft Visual Studio Solution File, Format Version 12.00
# Visual Studio Version 17
VisualStudioVersion = 17.8.34330.188
MinimumVisualStudioVersion = 10.0.40219.1
Project("{FAE04EC0-301F-11D3-BF4B-00C04F79EFBC}") = "v", "v\v.csproj", "{7A11A262-0E77-45E9-A20E-8CFA7DEA07FB}"
EndProject
Global
	GlobalSection(SolutionConfigurationPlatforms) = preSolution
		Debug|Any CPU = Debug|Any CPU
		Release|Any CPU = Release|Any CPU
	EndGlobalSection
	GlobalSection(ProjectConfigurationPlatforms) = postSolution
		{7A11A262-0E77-45E9-A20E-8CFA7DEA07FB}.Debug|Any CPU.ActiveCfg = Debug|Any CPU
		{7A11A262-0E77-45E9-A20E-8CFA7DEA07FB}.Debug|Any CPU.Build.0 = Debug|Any CPU
		{7A11A262-0E77-45E9-A20E-8CFA7DEA07FB}.Release|Any CPU.ActiveCfg = Release|Any CPU
		{7A11A262-0E77-45E9-A20E-8CFA7DEA07FB}.Release|Any CPU.Build.0 = Release|Any CPU
	EndGlobalSection
	GlobalSection(SolutionProperties) = preSolution
		HideSolutionNode = FALSE
	EndGlobalSection
	GlobalSection(ExtensibilityGlobals) = postSolution
		SolutionGuid = {CC81D202-A161-4F70-B8B3-D64F5ADB8245}
	EndGlobalSection
EndGlobal
